
Microsoft Visual Studio Solution File, Format Version 12.00
# Visual Studio Version 17
VisualStudioVersion = 17.14.36310.24
MinimumVisualStudioVersion = 10.0.40219.1
Project("{FAE04EC0-301F-11D3-BF4B-00C04F79EFBC}") = "QuietPrompt", "MindFlayer\QuietPrompt.csproj", "{FF4C6B8C-FD01-47F3-B9BB-4587FAAC4991}"
EndProject
Global
	GlobalSection(SolutionConfigurationPlatforms) = preSolution
		Debug|Any CPU = Debug|Any CPU
		Release|Any CPU = Release|Any CPU
	EndGlobalSection
	GlobalSection(ProjectConfigurationPlatforms) = postSolution
		{FF4C6B8C-FD01-47F3-B9BB-4587FAAC4991}.Debug|Any CPU.ActiveCfg = Debug|Any CPU
		{FF4C6B8C-FD01-47F3-B9BB-4587FAAC4991}.Debug|Any CPU.Build.0 = Debug|Any CPU
		{FF4C6B8C-FD01-47F3-B9BB-4587FAAC4991}.Release|Any CPU.ActiveCfg = Release|Any CPU
		{FF4C6B8C-FD01-47F3-B9BB-4587FAAC4991}.Release|Any CPU.Build.0 = Release|Any CPU
	EndGlobalSection
	GlobalSection(SolutionProperties) = preSolution
		HideSolutionNode = FALSE
	EndGlobalSection
	GlobalSection(ExtensibilityGlobals) = postSolution
		SolutionGuid = {CCD62DD5-FBFC-460E-8157-4E5F17100DA6}
	EndGlobalSection
EndGlobal
